
Microsoft Visual Studio Solution File, Format Version 12.00
# Visual Studio Version 16
VisualStudioVersion = 16.0.29215.179
MinimumVisualStudioVersion = 10.0.40219.1
Project("{FAE04EC0-301F-11D3-BF4B-00C04F79EFBC}") = "SkripsiInventory.Android", "SkripsiInventory\SkripsiInventory.Android\SkripsiInventory.Android.csproj", "{97B36F77-247D-491F-B146-7F419C70E082}"
EndProject
Project("{FAE04EC0-301F-11D3-BF4B-00C04F79EFBC}") = "SkripsiInventory.iOS", "SkripsiInventory\SkripsiInventory.iOS\SkripsiInventory.iOS.csproj", "{8CF576AA-468D-4AEF-8BD3-069F5E4714E6}"
EndProject
Project("{FAE04EC0-301F-11D3-BF4B-00C04F79EFBC}") = "SkripsiInventory.MobileAppService", "SkripsiInventory\SkripsiInventory.MobileAppService\SkripsiInventory.MobileAppService.csproj", "{84A4CE42-9506-4AA6-A081-F78FD6D2BFEC}"
EndProject
Project("{FAE04EC0-301F-11D3-BF4B-00C04F79EFBC}") = "SkripsiInventory", "SkripsiInventory\SkripsiInventory\SkripsiInventory.csproj", "{BA2F98F9-CA1E-44F4-8168-8A554178992E}"
EndProject
Global
	GlobalSection(SolutionConfigurationPlatforms) = preSolution
		Debug|Any CPU = Debug|Any CPU
		Debug|iPhone = Debug|iPhone
		Debug|iPhoneSimulator = Debug|iPhoneSimulator
		Release|Any CPU = Release|Any CPU
		Release|iPhone = Release|iPhone
		Release|iPhoneSimulator = Release|iPhoneSimulator
	EndGlobalSection
	GlobalSection(ProjectConfigurationPlatforms) = postSolution
		{97B36F77-247D-491F-B146-7F419C70E082}.Debug|Any CPU.ActiveCfg = Debug|Any CPU
		{97B36F77-247D-491F-B146-7F419C70E082}.Debug|Any CPU.Build.0 = Debug|Any CPU
		{97B36F77-247D-491F-B146-7F419C70E082}.Debug|Any CPU.Deploy.0 = Debug|Any CPU
		{97B36F77-247D-491F-B146-7F419C70E082}.Debug|iPhone.ActiveCfg = Debug|Any CPU
		{97B36F77-247D-491F-B146-7F419C70E082}.Debug|iPhone.Build.0 = Debug|Any CPU
		{97B36F77-247D-491F-B146-7F419C70E082}.Debug|iPhone.Deploy.0 = Debug|Any CPU
		{97B36F77-247D-491F-B146-7F419C70E082}.Debug|iPhoneSimulator.ActiveCfg = Debug|Any CPU
		{97B36F77-247D-491F-B146-7F419C70E082}.Debug|iPhoneSimulator.Build.0 = Debug|Any CPU
		{97B36F77-247D-491F-B146-7F419C70E082}.Debug|iPhoneSimulator.Deploy.0 = Debug|Any CPU
		{97B36F77-247D-491F-B146-7F419C70E082}.Release|Any CPU.ActiveCfg = Release|Any CPU
		{97B36F77-247D-491F-B146-7F419C70E082}.Release|Any CPU.Build.0 = Release|Any CPU
		{97B36F77-247D-491F-B146-7F419C70E082}.Release|Any CPU.Deploy.0 = Release|Any CPU
		{97B36F77-247D-491F-B146-7F419C70E082}.Release|iPhone.ActiveCfg = Release|Any CPU
		{97B36F77-247D-491F-B146-7F419C70E082}.Release|iPhone.Build.0 = Release|Any CPU
		{97B36F77-247D-491F-B146-7F419C70E082}.Release|iPhone.Deploy.0 = Release|Any CPU
		{97B36F77-247D-491F-B146-7F419C70E082}.Release|iPhoneSimulator.ActiveCfg = Release|Any CPU
		{97B36F77-247D-491F-B146-7F419C70E082}.Release|iPhoneSimulator.Build.0 = Release|Any CPU
		{97B36F77-247D-491F-B146-7F419C70E082}.Release|iPhoneSimulator.Deploy.0 = Release|Any CPU
		{8CF576AA-468D-4AEF-8BD3-069F5E4714E6}.Debug|Any CPU.ActiveCfg = Debug|iPhoneSimulator
		{8CF576AA-468D-4AEF-8BD3-069F5E4714E6}.Debug|Any CPU.Build.0 = Debug|iPhoneSimulator
		{8CF576AA-468D-4AEF-8BD3-069F5E4714E6}.Debug|Any CPU.Deploy.0 = Debug|iPhoneSimulator
		{8CF576AA-468D-4AEF-8BD3-069F5E4714E6}.Debug|iPhone.ActiveCfg = Debug|iPhone
		{8CF576AA-468D-4AEF-8BD3-069F5E4714E6}.Debug|iPhone.Build.0 = Debug|iPhone
		{8CF576AA-468D-4AEF-8BD3-069F5E4714E6}.Debug|iPhone.Deploy.0 = Debug|iPhone
		{8CF576AA-468D-4AEF-8BD3-069F5E4714E6}.Debug|iPhoneSimulator.ActiveCfg = Debug|iPhoneSimulator
		{8CF576AA-468D-4AEF-8BD3-069F5E4714E6}.Debug|iPhoneSimulator.Build.0 = Debug|iPhoneSimulator
		{8CF576AA-468D-4AEF-8BD3-069F5E4714E6}.Debug|iPhoneSimulator.Deploy.0 = Debug|iPhoneSimulator
		{8CF576AA-468D-4AEF-8BD3-069F5E4714E6}.Release|Any CPU.ActiveCfg = Release|iPhone
		{8CF576AA-468D-4AEF-8BD3-069F5E4714E6}.Release|Any CPU.Build.0 = Release|iPhone
		{8CF576AA-468D-4AEF-8BD3-069F5E4714E6}.Release|Any CPU.Deploy.0 = Release|iPhone
		{8CF576AA-468D-4AEF-8BD3-069F5E4714E6}.Release|iPhone.ActiveCfg = Release|iPhone
		{8CF576AA-468D-4AEF-8BD3-069F5E4714E6}.Release|iPhone.Build.0 = Release|iPhone
		{8CF576AA-468D-4AEF-8BD3-069F5E4714E6}.Release|iPhone.Deploy.0 = Release|iPhone
		{8CF576AA-468D-4AEF-8BD3-069F5E4714E6}.Release|iPhoneSimulator.ActiveCfg = Release|iPhoneSimulator
		{8CF576AA-468D-4AEF-8BD3-069F5E4714E6}.Release|iPhoneSimulator.Build.0 = Release|iPhoneSimulator
		{8CF576AA-468D-4AEF-8BD3-069F5E4714E6}.Release|iPhoneSimulator.Deploy.0 = Release|iPhoneSimulator
		{84A4CE42-9506-4AA6-A081-F78FD6D2BFEC}.Debug|Any CPU.ActiveCfg = Debug|Any CPU
		{84A4CE42-9506-4AA6-A081-F78FD6D2BFEC}.Debug|Any CPU.Build.0 = Debug|Any CPU
		{84A4CE42-9506-4AA6-A081-F78FD6D2BFEC}.Debug|Any CPU.Deploy.0 = Debug|Any CPU
		{84A4CE42-9506-4AA6-A081-F78FD6D2BFEC}.Debug|iPhone.ActiveCfg = Debug|Any CPU
		{84A4CE42-9506-4AA6-A081-F78FD6D2BFEC}.Debug|iPhone.Build.0 = Debug|Any CPU
		{84A4CE42-9506-4AA6-A081-F78FD6D2BFEC}.Debug|iPhone.Deploy.0 = Debug|Any CPU
		{84A4CE42-9506-4AA6-A081-F78FD6D2BFEC}.Debug|iPhoneSimulator.ActiveCfg = Debug|Any CPU
		{84A4CE42-9506-4AA6-A081-F78FD6D2BFEC}.Debug|iPhoneSimulator.Build.0 = Debug|Any CPU
		{84A4CE42-9506-4AA6-A081-F78FD6D2BFEC}.Debug|iPhoneSimulator.Deploy.0 = Debug|Any CPU
		{84A4CE42-9506-4AA6-A081-F78FD6D2BFEC}.Release|Any CPU.ActiveCfg = Release|Any CPU
		{84A4CE42-9506-4AA6-A081-F78FD6D2BFEC}.Release|Any CPU.Build.0 = Release|Any CPU
		{84A4CE42-9506-4AA6-A081-F78FD6D2BFEC}.Release|Any CPU.Deploy.0 = Release|Any CPU
		{84A4CE42-9506-4AA6-A081-F78FD6D2BFEC}.Release|iPhone.ActiveCfg = Release|Any CPU
		{84A4CE42-9506-4AA6-A081-F78FD6D2BFEC}.Release|iPhone.Build.0 = Release|Any CPU
		{84A4CE42-9506-4AA6-A081-F78FD6D2BFEC}.Release|iPhone.Deploy.0 = Release|Any CPU
		{84A4CE42-9506-4AA6-A081-F78FD6D2BFEC}.Release|iPhoneSimulator.ActiveCfg = Release|Any CPU
		{84A4CE42-9506-4AA6-A081-F78FD6D2BFEC}.Release|iPhoneSimulator.Build.0 = Release|Any CPU
		{84A4CE42-9506-4AA6-A081-F78FD6D2BFEC}.Release|iPhoneSimulator.Deploy.0 = Release|Any CPU
		{BA2F98F9-CA1E-44F4-8168-8A554178992E}.Debug|Any CPU.ActiveCfg = Debug|Any CPU
		{BA2F98F9-CA1E-44F4-8168-8A554178992E}.Debug|Any CPU.Build.0 = Debug|Any CPU
		{BA2F98F9-CA1E-44F4-8168-8A554178992E}.Debug|Any CPU.Deploy.0 = Debug|Any CPU
		{BA2F98F9-CA1E-44F4-8168-8A554178992E}.Debug|iPhone.ActiveCfg = Debug|Any CPU
		{BA2F98F9-CA1E-44F4-8168-8A554178992E}.Debug|iPhone.Build.0 = Debug|Any CPU
		{BA2F98F9-CA1E-44F4-8168-8A554178992E}.Debug|iPhone.Deploy.0 = Debug|Any CPU
		{BA2F98F9-CA1E-44F4-8168-8A554178992E}.Debug|iPhoneSimulator.ActiveCfg = Debug|Any CPU
		{BA2F98F9-CA1E-44F4-8168-8A554178992E}.Debug|iPhoneSimulator.Build.0 = Debug|Any CPU
		{BA2F98F9-CA1E-44F4-8168-8A554178992E}.Debug|iPhoneSimulator.Deploy.0 = Debug|Any CPU
		{BA2F98F9-CA1E-44F4-8168-8A554178992E}.Release|Any CPU.ActiveCfg = Release|Any CPU
		{BA2F98F9-CA1E-44F4-8168-8A554178992E}.Release|Any CPU.Build.0 = Release|Any CPU
		{BA2F98F9-CA1E-44F4-8168-8A554178992E}.Release|Any CPU.Deploy.0 = Release|Any CPU
		{BA2F98F9-CA1E-44F4-8168-8A554178992E}.Release|iPhone.ActiveCfg = Release|Any CPU
		{BA2F98F9-CA1E-44F4-8168-8A554178992E}.Release|iPhone.Build.0 = Release|Any CPU
		{BA2F98F9-CA1E-44F4-8168-8A554178992E}.Release|iPhone.Deploy.0 = Release|Any CPU
		{BA2F98F9-CA1E-44F4-8168-8A554178992E}.Release|iPhoneSimulator.ActiveCfg = Release|Any CPU
		{BA2F98F9-CA1E-44F4-8168-8A554178992E}.Release|iPhoneSimulator.Build.0 = Release|Any CPU
		{BA2F98F9-CA1E-44F4-8168-8A554178992E}.Release|iPhoneSimulator.Deploy.0 = Release|Any CPU
	EndGlobalSection
	GlobalSection(SolutionProperties) = preSolution
		HideSolutionNode = FALSE
	EndGlobalSection
	GlobalSection(ExtensibilityGlobals) = postSolution
		SolutionGuid = {B2E8F93B-D200-4A71-8BFF-BE820ADE409E}
	EndGlobalSection
EndGlobal
